// !$*UTF8*$!
{
	archiveVersion = 1;
	classes = {
	};
	objectVersion = 55;
	objects = {

/* Begin PBXBuildFile section */
		B2C3E8CB289552A60019EDF5 /* AppDelegate.swift in Sources */ = {isa = PBXBuildFile; fileRef = B2C3E8CA289552A60019EDF5 /* AppDelegate.swift */; };
		B2C3E8CD289552A60019EDF5 /* SceneDelegate.swift in Sources */ = {isa = PBXBuildFile; fileRef = B2C3E8CC289552A60019EDF5 /* SceneDelegate.swift */; };
		B2C3E8CF289552A60019EDF5 /* ViewController.swift in Sources */ = {isa = PBXBuildFile; fileRef = B2C3E8CE289552A60019EDF5 /* ViewController.swift */; };
		B2C3E8D2289552A60019EDF5 /* Main.storyboard in Resources */ = {isa = PBXBuildFile; fileRef = B2C3E8D0289552A60019EDF5 /* Main.storyboard */; };
		B2C3E8D4289552A80019EDF5 /* Assets.xcassets in Resources */ = {isa = PBXBuildFile; fileRef = B2C3E8D3289552A80019EDF5 /* Assets.xcassets */; };
		B2C3E8D7289552A80019EDF5 /* LaunchScreen.storyboard in Resources */ = {isa = PBXBuildFile; fileRef = B2C3E8D5289552A80019EDF5 /* LaunchScreen.storyboard */; };
		B2C3E8E2289552A80019EDF5 /* ScreenTransitionTests.swift in Sources */ = {isa = PBXBuildFile; fileRef = B2C3E8E1289552A80019EDF5 /* ScreenTransitionTests.swift */; };
		B2C3E8EC289552A80019EDF5 /* ScreenTransitionUITests.swift in Sources */ = {isa = PBXBuildFile; fileRef = B2C3E8EB289552A80019EDF5 /* ScreenTransitionUITests.swift */; };
		B2C3E8EE289552A80019EDF5 /* ScreenTransitionUITestsLaunchTests.swift in Sources */ = {isa = PBXBuildFile; fileRef = B2C3E8ED289552A80019EDF5 /* ScreenTransitionUITestsLaunchTests.swift */; };
/* End PBXBuildFile section */

/* Begin PBXContainerItemProxy section */
		B2C3E8DE289552A80019EDF5 /* PBXContainerItemProxy */ = {
			isa = PBXContainerItemProxy;
			containerPortal = B2C3E8BF289552A60019EDF5 /* Project object */;
			proxyType = 1;
			remoteGlobalIDString = B2C3E8C6289552A60019EDF5;
			remoteInfo = ScreenTransition;
		};
		B2C3E8E8289552A80019EDF5 /* PBXContainerItemProxy */ = {
			isa = PBXContainerItemProxy;
			containerPortal = B2C3E8BF289552A60019EDF5 /* Project object */;
			proxyType = 1;
			remoteGlobalIDString = B2C3E8C6289552A60019EDF5;
			remoteInfo = ScreenTransition;
		};
/* End PBXContainerItemProxy section */

/* Begin PBXFileReference section */
		B2C3E8C7289552A60019EDF5 /* ScreenTransition.app */ = {isa = PBXFileReference; explicitFileType = wrapper.application; includeInIndex = 0; path = ScreenTransition.app; sourceTree = BUILT_PRODUCTS_DIR; };
		B2C3E8CA289552A60019EDF5 /* AppDelegate.swift */ = {isa = PBXFileReference; lastKnownFileType = sourcecode.swift; path = AppDelegate.swift; sourceTree = "<group>"; };
		B2C3E8CC289552A60019EDF5 /* SceneDelegate.swift */ = {isa = PBXFileReference; lastKnownFileType = sourcecode.swift; path = SceneDelegate.swift; sourceTree = "<group>"; };
		B2C3E8CE289552A60019EDF5 /* ViewController.swift */ = {isa = PBXFileReference; lastKnownFileType = sourcecode.swift; path = ViewController.swift; sourceTree = "<group>"; };
		B2C3E8D1289552A60019EDF5 /* Base */ = {isa = PBXFileReference; lastKnownFileType = file.storyboard; name = Base; path = Base.lproj/Main.storyboard; sourceTree = "<group>"; };
		B2C3E8D3289552A80019EDF5 /* Assets.xcassets */ = {isa = PBXFileReference; lastKnownFileType = folder.assetcatalog; path = Assets.xcassets; sourceTree = "<group>"; };
		B2C3E8D6289552A80019EDF5 /* Base */ = {isa = PBXFileReference; lastKnownFileType = file.storyboard; name = Base; path = Base.lproj/LaunchScreen.storyboard; sourceTree = "<group>"; };
		B2C3E8D8289552A80019EDF5 /* Info.plist */ = {isa = PBXFileReference; lastKnownFileType = text.plist.xml; path = Info.plist; sourceTree = "<group>"; };
		B2C3E8DD289552A80019EDF5 /* ScreenTransitionTests.xctest */ = {isa = PBXFileReference; explicitFileType = wrapper.cfbundle; includeInIndex = 0; path = ScreenTransitionTests.xctest; sourceTree = BUILT_PRODUCTS_DIR; };
		B2C3E8E1289552A80019EDF5 /* ScreenTransitionTests.swift */ = {isa = PBXFileReference; lastKnownFileType = sourcecode.swift; path = ScreenTransitionTests.swift; sourceTree = "<group>"; };
		B2C3E8E7289552A80019EDF5 /* ScreenTransitionUITests.xctest */ = {isa = PBXFileReference; explicitFileType = wrapper.cfbundle; includeInIndex = 0; path = ScreenTransitionUITests.xctest; sourceTree = BUILT_PRODUCTS_DIR; };
		B2C3E8EB289552A80019EDF5 /* ScreenTransitionUITests.swift */ = {isa = PBXFileReference; lastKnownFileType = sourcecode.swift; path = ScreenTransitionUITests.swift; sourceTree = "<group>"; };
		B2C3E8ED289552A80019EDF5 /* ScreenTransitionUITestsLaunchTests.swift */ = {isa = PBXFileReference; lastKnownFileType = sourcecode.swift; path = ScreenTransitionUITestsLaunchTests.swift; sourceTree = "<group>"; };
/* End PBXFileReference section */

/* Begin PBXFrameworksBuildPhase section */
		B2C3E8C4289552A60019EDF5 /* Frameworks */ = {
			isa = PBXFrameworksBuildPhase;
			buildActionMask = 2147483647;
			files = (
			);
			runOnlyForDeploymentPostprocessing = 0;
		};
		B2C3E8DA289552A80019EDF5 /* Frameworks */ = {
			isa = PBXFrameworksBuildPhase;
			buildActionMask = 2147483647;
			files = (
			);
			runOnlyForDeploymentPostprocessing = 0;
		};
		B2C3E8E4289552A80019EDF5 /* Frameworks */ = {
			isa = PBXFrameworksBuildPhase;
			buildActionMask = 2147483647;
			files = (
			);
			runOnlyForDeploymentPostprocessing = 0;
		};
/* End PBXFrameworksBuildPhase section */

/* Begin PBXGroup section */
		B2C3E8BE289552A60019EDF5 = {
			isa = PBXGroup;
			children = (
				B2C3E8C9289552A60019EDF5 /* ScreenTransition */,
				B2C3E8E0289552A80019EDF5 /* ScreenTransitionTests */,
				B2C3E8EA289552A80019EDF5 /* ScreenTransitionUITests */,
				B2C3E8C8289552A60019EDF5 /* Products */,
			);
			sourceTree = "<group>";
		};
		B2C3E8C8289552A60019EDF5 /* Products */ = {
			isa = PBXGroup;
			children = (
				B2C3E8C7289552A60019EDF5 /* ScreenTransition.app */,
				B2C3E8DD289552A80019EDF5 /* ScreenTransitionTests.xctest */,
				B2C3E8E7289552A80019EDF5 /* ScreenTransitionUITests.xctest */,
			);
			name = Products;
			sourceTree = "<group>";
		};
		B2C3E8C9289552A60019EDF5 /* ScreenTransition */ = {
			isa = PBXGroup;
			children = (
				B2C3E8CA289552A60019EDF5 /* AppDelegate.swift */,
				B2C3E8CC289552A60019EDF5 /* SceneDelegate.swift */,
				B2C3E8CE289552A60019EDF5 /* ViewController.swift */,
				B2C3E8D0289552A60019EDF5 /* Main.storyboard */,
				B2C3E8D3289552A80019EDF5 /* Assets.xcassets */,
				B2C3E8D5289552A80019EDF5 /* LaunchScreen.storyboard */,
				B2C3E8D8289552A80019EDF5 /* Info.plist */,
			);
			path = ScreenTransition;
			sourceTree = "<group>";
		};
		B2C3E8E0289552A80019EDF5 /* ScreenTransitionTests */ = {
			isa = PBXGroup;
			children = (
				B2C3E8E1289552A80019EDF5 /* ScreenTransitionTests.swift */,
			);
			path = ScreenTransitionTests;
			sourceTree = "<group>";
		};
		B2C3E8EA289552A80019EDF5 /* ScreenTransitionUITests */ = {
			isa = PBXGroup;
			children = (
				B2C3E8EB289552A80019EDF5 /* ScreenTransitionUITests.swift */,
				B2C3E8ED289552A80019EDF5 /* ScreenTransitionUITestsLaunchTests.swift */,
			);
			path = ScreenTransitionUITests;
			sourceTree = "<group>";
		};
/* End PBXGroup section */

/* Begin PBXNativeTarget section */
		B2C3E8C6289552A60019EDF5 /* ScreenTransition */ = {
			isa = PBXNativeTarget;
			buildConfigurationList = B2C3E8F1289552A80019EDF5 /* Build configuration list for PBXNativeTarget "ScreenTransition" */;
			buildPhases = (
				B2C3E8C3289552A60019EDF5 /* Sources */,
				B2C3E8C4289552A60019EDF5 /* Frameworks */,
				B2C3E8C5289552A60019EDF5 /* Resources */,
			);
			buildRules = (
			);
			dependencies = (
			);
			name = ScreenTransition;
			productName = ScreenTransition;
			productReference = B2C3E8C7289552A60019EDF5 /* ScreenTransition.app */;
			productType = "com.apple.product-type.application";
		};
		B2C3E8DC289552A80019EDF5 /* ScreenTransitionTests */ = {
			isa = PBXNativeTarget;
			buildConfigurationList = B2C3E8F4289552A80019EDF5 /* Build configuration list for PBXNativeTarget "ScreenTransitionTests" */;
			buildPhases = (
				B2C3E8D9289552A80019EDF5 /* Sources */,
				B2C3E8DA289552A80019EDF5 /* Frameworks */,
				B2C3E8DB289552A80019EDF5 /* Resources */,
			);
			buildRules = (
			);
			dependencies = (
				B2C3E8DF289552A80019EDF5 /* PBXTargetDependency */,
			);
			name = ScreenTransitionTests;
			productName = ScreenTransitionTests;
			productReference = B2C3E8DD289552A80019EDF5 /* ScreenTransitionTests.xctest */;
			productType = "com.apple.product-type.bundle.unit-test";
		};
		B2C3E8E6289552A80019EDF5 /* ScreenTransitionUITests */ = {
			isa = PBXNativeTarget;
			buildConfigurationList = B2C3E8F7289552A80019EDF5 /* Build configuration list for PBXNativeTarget "ScreenTransitionUITests" */;
			buildPhases = (
				B2C3E8E3289552A80019EDF5 /* Sources */,
				B2C3E8E4289552A80019EDF5 /* Frameworks */,
				B2C3E8E5289552A80019EDF5 /* Resources */,
			);
			buildRules = (
			);
			dependencies = (
				B2C3E8E9289552A80019EDF5 /* PBXTargetDependency */,
			);
			name = ScreenTransitionUITests;
			productName = ScreenTransitionUITests;
			productReference = B2C3E8E7289552A80019EDF5 /* ScreenTransitionUITests.xctest */;
			productType = "com.apple.product-type.bundle.ui-testing";
		};
/* End PBXNativeTarget section */

/* Begin PBXProject section */
		B2C3E8BF289552A60019EDF5 /* Project object */ = {
			isa = PBXProject;
			attributes = {
				BuildIndependentTargetsInParallel = 1;
				LastSwiftUpdateCheck = 1340;
				LastUpgradeCheck = 1340;
				TargetAttributes = {
					B2C3E8C6289552A60019EDF5 = {
						CreatedOnToolsVersion = 13.4.1;
					};
					B2C3E8DC289552A80019EDF5 = {
						CreatedOnToolsVersion = 13.4.1;
						TestTargetID = B2C3E8C6289552A60019EDF5;
					};
					B2C3E8E6289552A80019EDF5 = {
						CreatedOnToolsVersion = 13.4.1;
						TestTargetID = B2C3E8C6289552A60019EDF5;
					};
				};
			};
			buildConfigurationList = B2C3E8C2289552A60019EDF5 /* Build configuration list for PBXProject "ScreenTransition" */;
			compatibilityVersion = "Xcode 13.0";
			developmentRegion = en;
			hasScannedForEncodings = 0;
			knownRegions = (
				en,
				Base,
			);
			mainGroup = B2C3E8BE289552A60019EDF5;
			productRefGroup = B2C3E8C8289552A60019EDF5 /* Products */;
			projectDirPath = "";
			projectRoot = "";
			targets = (
				B2C3E8C6289552A60019EDF5 /* ScreenTransition */,
				B2C3E8DC289552A80019EDF5 /* ScreenTransitionTests */,
				B2C3E8E6289552A80019EDF5 /* ScreenTransitionUITests */,
			);
		};
/* End PBXProject section */

/* Begin PBXResourcesBuildPhase section */
		B2C3E8C5289552A60019EDF5 /* Resources */ = {
			isa = PBXResourcesBuildPhase;
			buildActionMask = 2147483647;
			files = (
				B2C3E8D7289552A80019EDF5 /* LaunchScreen.storyboard in Resources */,
				B2C3E8D4289552A80019EDF5 /* Assets.xcassets in Resources */,
				B2C3E8D2289552A60019EDF5 /* Main.storyboard in Resources */,
			);
			runOnlyForDeploymentPostprocessing = 0;
		};
		B2C3E8DB289552A80019EDF5 /* Resources */ = {
			isa = PBXResourcesBuildPhase;
			buildActionMask = 2147483647;
			files = (
			);
			runOnlyForDeploymentPostprocessing = 0;
		};
		B2C3E8E5289552A80019EDF5 /* Resources */ = {
			isa = PBXResourcesBuildPhase;
			buildActionMask = 2147483647;
			files = (
			);
			runOnlyForDeploymentPostprocessing = 0;
		};
/* End PBXResourcesBuildPhase section */

/* Begin PBXSourcesBuildPhase section */
		B2C3E8C3289552A60019EDF5 /* Sources */ = {
			isa = PBXSourcesBuildPhase;
			buildActionMask = 2147483647;
			files = (
				B2C3E8CF289552A60019EDF5 /* ViewController.swift in Sources */,
				B2C3E8CB289552A60019EDF5 /* AppDelegate.swift in Sources */,
				B2C3E8CD289552A60019EDF5 /* SceneDelegate.swift in Sources */,
			);
			runOnlyForDeploymentPostprocessing = 0;
		};
		B2C3E8D9289552A80019EDF5 /* Sources */ = {
			isa = PBXSourcesBuildPhase;
			buildActionMask = 2147483647;
			files = (
				B2C3E8E2289552A80019EDF5 /* ScreenTransitionTests.swift in Sources */,
			);
			runOnlyForDeploymentPostprocessing = 0;
		};
		B2C3E8E3289552A80019EDF5 /* Sources */ = {
			isa = PBXSourcesBuildPhase;
			buildActionMask = 2147483647;
			files = (
				B2C3E8EC289552A80019EDF5 /* ScreenTransitionUITests.swift in Sources */,
				B2C3E8EE289552A80019EDF5 /* ScreenTransitionUITestsLaunchTests.swift in Sources */,
			);
			runOnlyForDeploymentPostprocessing = 0;
		};
/* End PBXSourcesBuildPhase section */

/* Begin PBXTargetDependency section */
		B2C3E8DF289552A80019EDF5 /* PBXTargetDependency */ = {
			isa = PBXTargetDependency;
			target = B2C3E8C6289552A60019EDF5 /* ScreenTransition */;
			targetProxy = B2C3E8DE289552A80019EDF5 /* PBXContainerItemProxy */;
		};
		B2C3E8E9289552A80019EDF5 /* PBXTargetDependency */ = {
			isa = PBXTargetDependency;
			target = B2C3E8C6289552A60019EDF5 /* ScreenTransition */;
			targetProxy = B2C3E8E8289552A80019EDF5 /* PBXContainerItemProxy */;
		};
/* End PBXTargetDependency section */

/* Begin PBXVariantGroup section */
		B2C3E8D0289552A60019EDF5 /* Main.storyboard */ = {
			isa = PBXVariantGroup;
			children = (
				B2C3E8D1289552A60019EDF5 /* Base */,
			);
			name = Main.storyboard;
			sourceTree = "<group>";
		};
		B2C3E8D5289552A80019EDF5 /* LaunchScreen.storyboard */ = {
			isa = PBXVariantGroup;
			children = (
				B2C3E8D6289552A80019EDF5 /* Base */,
			);
			name = LaunchScreen.storyboard;
			sourceTree = "<group>";
		};
/* End PBXVariantGroup section */

/* Begin XCBuildConfiguration section */
		B2C3E8EF289552A80019EDF5 /* Debug */ = {
			isa = XCBuildConfiguration;
			buildSettings = {
				ALWAYS_SEARCH_USER_PATHS = NO;
				CLANG_ANALYZER_NONNULL = YES;
				CLANG_ANALYZER_NUMBER_OBJECT_CONVERSION = YES_AGGRESSIVE;
				CLANG_CXX_LANGUAGE_STANDARD = "gnu++17";
				CLANG_ENABLE_MODULES = YES;
				CLANG_ENABLE_OBJC_ARC = YES;
				CLANG_ENABLE_OBJC_WEAK = YES;
				CLANG_WARN_BLOCK_CAPTURE_AUTORELEASING = YES;
				CLANG_WARN_BOOL_CONVERSION = YES;
				CLANG_WARN_COMMA = YES;
				CLANG_WARN_CONSTANT_CONVERSION = YES;
				CLANG_WARN_DEPRECATED_OBJC_IMPLEMENTATIONS = YES;
				CLANG_WARN_DIRECT_OBJC_ISA_USAGE = YES_ERROR;
				CLANG_WARN_DOCUMENTATION_COMMENTS = YES;
				CLANG_WARN_EMPTY_BODY = YES;
				CLANG_WARN_ENUM_CONVERSION = YES;
				CLANG_WARN_INFINITE_RECURSION = YES;
				CLANG_WARN_INT_CONVERSION = YES;
				CLANG_WARN_NON_LITERAL_NULL_CONVERSION = YES;
				CLANG_WARN_OBJC_IMPLICIT_RETAIN_SELF = YES;
				CLANG_WARN_OBJC_LITERAL_CONVERSION = YES;
				CLANG_WARN_OBJC_ROOT_CLASS = YES_ERROR;
				CLANG_WARN_QUOTED_INCLUDE_IN_FRAMEWORK_HEADER = YES;
				CLANG_WARN_RANGE_LOOP_ANALYSIS = YES;
				CLANG_WARN_STRICT_PROTOTYPES = YES;
				CLANG_WARN_SUSPICIOUS_MOVE = YES;
				CLANG_WARN_UNGUARDED_AVAILABILITY = YES_AGGRESSIVE;
				CLANG_WARN_UNREACHABLE_CODE = YES;
				CLANG_WARN__DUPLICATE_METHOD_MATCH = YES;
				COPY_PHASE_STRIP = NO;
				DEBUG_INFORMATION_FORMAT = dwarf;
				ENABLE_STRICT_OBJC_MSGSEND = YES;
				ENABLE_TESTABILITY = YES;
				GCC_C_LANGUAGE_STANDARD = gnu11;
				GCC_DYNAMIC_NO_PIC = NO;
				GCC_NO_COMMON_BLOCKS = YES;
				GCC_OPTIMIZATION_LEVEL = 0;
				GCC_PREPROCESSOR_DEFINITIONS = (
					"DEBUG=1",
					"$(inherited)",
				);
				GCC_WARN_64_TO_32_BIT_CONVERSION = YES;
				GCC_WARN_ABOUT_RETURN_TYPE = YES_ERROR;
				GCC_WARN_UNDECLARED_SELECTOR = YES;
				GCC_WARN_UNINITIALIZED_AUTOS = YES_AGGRESSIVE;
				GCC_WARN_UNUSED_FUNCTION = YES;
				GCC_WARN_UNUSED_VARIABLE = YES;
				IPHONEOS_DEPLOYMENT_TARGET = 15.5;
				MTL_ENABLE_DEBUG_INFO = INCLUDE_SOURCE;
				MTL_FAST_MATH = YES;
				ONLY_ACTIVE_ARCH = YES;
				SDKROOT = iphoneos;
				SWIFT_ACTIVE_COMPILATION_CONDITIONS = DEBUG;
				SWIFT_OPTIMIZATION_LEVEL = "-Onone";
			};
			name = Debug;
		};
		B2C3E8F0289552A80019EDF5 /* Release */ = {
			isa = XCBuildConfiguration;
			buildSettings = {
				ALWAYS_SEARCH_USER_PATHS = NO;
				CLANG_ANALYZER_NONNULL = YES;
				CLANG_ANALYZER_NUMBER_OBJECT_CONVERSION = YES_AGGRESSIVE;
				CLANG_CXX_LANGUAGE_STANDARD = "gnu++17";
				CLANG_ENABLE_MODULES = YES;
				CLANG_ENABLE_OBJC_ARC = YES;
				CLANG_ENABLE_OBJC_WEAK = YES;
				CLANG_WARN_BLOCK_CAPTURE_AUTORELEASING = YES;
				CLANG_WARN_BOOL_CONVERSION = YES;
				CLANG_WARN_COMMA = YES;
				CLANG_WARN_CONSTANT_CONVERSION = YES;
				CLANG_WARN_DEPRECATED_OBJC_IMPLEMENTATIONS = YES;
				CLANG_WARN_DIRECT_OBJC_ISA_USAGE = YES_ERROR;
				CLANG_WARN_DOCUMENTATION_COMMENTS = YES;
				CLANG_WARN_EMPTY_BODY = YES;
				CLANG_WARN_ENUM_CONVERSION = YES;
				CLANG_WARN_INFINITE_RECURSION = YES;
				CLANG_WARN_INT_CONVERSION = YES;
				CLANG_WARN_NON_LITERAL_NULL_CONVERSION = YES;
				CLANG_WARN_OBJC_IMPLICIT_RETAIN_SELF = YES;
				CLANG_WARN_OBJC_LITERAL_CONVERSION = YES;
				CLANG_WARN_OBJC_ROOT_CLASS = YES_ERROR;
				CLANG_WARN_QUOTED_INCLUDE_IN_FRAMEWORK_HEADER = YES;
				CLANG_WARN_RANGE_LOOP_ANALYSIS = YES;
				CLANG_WARN_STRICT_PROTOTYPES = YES;
				CLANG_WARN_SUSPICIOUS_MOVE = YES;
				CLANG_WARN_UNGUARDED_AVAILABILITY = YES_AGGRESSIVE;
				CLANG_WARN_UNREACHABLE_CODE = YES;
				CLANG_WARN__DUPLICATE_METHOD_MATCH = YES;
				COPY_PHASE_STRIP = NO;
				DEBUG_INFORMATION_FORMAT = "dwarf-with-dsym";
				ENABLE_NS_ASSERTIONS = NO;
				ENABLE_STRICT_OBJC_MSGSEND = YES;
				GCC_C_LANGUAGE_STANDARD = gnu11;
				GCC_NO_COMMON_BLOCKS = YES;
				GCC_WARN_64_TO_32_BIT_CONVERSION = YES;
				GCC_WARN_ABOUT_RETURN_TYPE = YES_ERROR;
				GCC_WARN_UNDECLARED_SELECTOR = YES;
				GCC_WARN_UNINITIALIZED_AUTOS = YES_AGGRESSIVE;
				GCC_WARN_UNUSED_FUNCTION = YES;
				GCC_WARN_UNUSED_VARIABLE = YES;
				IPHONEOS_DEPLOYMENT_TARGET = 15.5;
				MTL_ENABLE_DEBUG_INFO = NO;
				MTL_FAST_MATH = YES;
				SDKROOT = iphoneos;
				SWIFT_COMPILATION_MODE = wholemodule;
				SWIFT_OPTIMIZATION_LEVEL = "-O";
				VALIDATE_PRODUCT = YES;
			};
			name = Release;
		};
		B2C3E8F2289552A80019EDF5 /* Debug */ = {
			isa = XCBuildConfiguration;
			buildSettings = {
				ASSETCATALOG_COMPILER_APPICON_NAME = AppIcon;
				ASSETCATALOG_COMPILER_GLOBAL_ACCENT_COLOR_NAME = AccentColor;
				CODE_SIGN_STYLE = Automatic;
				CURRENT_PROJECT_VERSION = 1;
				GENERATE_INFOPLIST_FILE = YES;
				INFOPLIST_FILE = ScreenTransition/Info.plist;
				INFOPLIST_KEY_UIApplicationSupportsIndirectInputEvents = YES;
				INFOPLIST_KEY_UILaunchStoryboardName = LaunchScreen;
				INFOPLIST_KEY_UIMainStoryboardFile = Main;
				INFOPLIST_KEY_UISupportedInterfaceOrientations_iPad = "UIInterfaceOrientationPortrait UIInterfaceOrientationPortraitUpsideDown UIInterfaceOrientationLandscapeLeft UIInterfaceOrientationLandscapeRight";
				INFOPLIST_KEY_UISupportedInterfaceOrientations_iPhone = "UIInterfaceOrientationPortrait UIInterfaceOrientationLandscapeLeft UIInterfaceOrientationLandscapeRight";
				LD_RUNPATH_SEARCH_PATHS = (
					"$(inherited)",
					"@executable_path/Frameworks",
				);
				MARKETING_VERSION = 1.0;
				PRODUCT_BUNDLE_IDENTIFIER = WonGi.ScreenTransition;
				PRODUCT_NAME = "$(TARGET_NAME)";
				SWIFT_EMIT_LOC_STRINGS = YES;
				SWIFT_VERSION = 5.0;
				TARGETED_DEVICE_FAMILY = "1,2";
			};
			name = Debug;
		};
		B2C3E8F3289552A80019EDF5 /* Release */ = {
			isa = XCBuildConfiguration;
			buildSettings = {
				ASSETCATALOG_COMPILER_APPICON_NAME = AppIcon;
				ASSETCATALOG_COMPILER_GLOBAL_ACCENT_COLOR_NAME = AccentColor;
				CODE_SIGN_STYLE = Automatic;
				CURRENT_PROJECT_VERSION = 1;
				GENERATE_INFOPLIST_FILE = YES;
				INFOPLIST_FILE = ScreenTransition/Info.plist;
				INFOPLIST_KEY_UIApplicationSupportsIndirectInputEvents = YES;
				INFOPLIST_KEY_UILaunchStoryboardName = LaunchScreen;
				INFOPLIST_KEY_UIMainStoryboardFile = Main;
				INFOPLIST_KEY_UISupportedInterfaceOrientations_iPad = "UIInterfaceOrientationPortrait UIInterfaceOrientationPortraitUpsideDown UIInterfaceOrientationLandscapeLeft UIInterfaceOrientationLandscapeRight";
				INFOPLIST_KEY_UISupportedInterfaceOrientations_iPhone = "UIInterfaceOrientationPortrait UIInterfaceOrientationLandscapeLeft UIInterfaceOrientationLandscapeRight";
				LD_RUNPATH_SEARCH_PATHS = (
					"$(inherited)",
					"@executable_path/Frameworks",
				);
				MARKETING_VERSION = 1.0;
				PRODUCT_BUNDLE_IDENTIFIER = WonGi.ScreenTransition;
				PRODUCT_NAME = "$(TARGET_NAME)";
				SWIFT_EMIT_LOC_STRINGS = YES;
				SWIFT_VERSION = 5.0;
				TARGETED_DEVICE_FAMILY = "1,2";
			};
			name = Release;
		};
		B2C3E8F5289552A80019EDF5 /* Debug */ = {
			isa = XCBuildConfiguration;
			buildSettings = {
				ALWAYS_EMBED_SWIFT_STANDARD_LIBRARIES = YES;
				BUNDLE_LOADER = "$(TEST_HOST)";
				CODE_SIGN_STYLE = Automatic;
				CURRENT_PROJECT_VERSION = 1;
				GENERATE_INFOPLIST_FILE = YES;
				IPHONEOS_DEPLOYMENT_TARGET = 15.5;
				MARKETING_VERSION = 1.0;
				PRODUCT_BUNDLE_IDENTIFIER = WonGi.ScreenTransitionTests;
				PRODUCT_NAME = "$(TARGET_NAME)";
				SWIFT_EMIT_LOC_STRINGS = NO;
				SWIFT_VERSION = 5.0;
				TARGETED_DEVICE_FAMILY = "1,2";
				TEST_HOST = "$(BUILT_PRODUCTS_DIR)/ScreenTransition.app/ScreenTransition";
			};
			name = Debug;
		};
		B2C3E8F6289552A80019EDF5 /* Release */ = {
			isa = XCBuildConfiguration;
			buildSettings = {
				ALWAYS_EMBED_SWIFT_STANDARD_LIBRARIES = YES;
				BUNDLE_LOADER = "$(TEST_HOST)";
				CODE_SIGN_STYLE = Automatic;
				CURRENT_PROJECT_VERSION = 1;
				GENERATE_INFOPLIST_FILE = YES;
				IPHONEOS_DEPLOYMENT_TARGET = 15.5;
				MARKETING_VERSION = 1.0;
				PRODUCT_BUNDLE_IDENTIFIER = WonGi.ScreenTransitionTests;
				PRODUCT_NAME = "$(TARGET_NAME)";
				SWIFT_EMIT_LOC_STRINGS = NO;
				SWIFT_VERSION = 5.0;
				TARGETED_DEVICE_FAMILY = "1,2";
				TEST_HOST = "$(BUILT_PRODUCTS_DIR)/ScreenTransition.app/ScreenTransition";
			};
			name = Release;
		};
		B2C3E8F8289552A80019EDF5 /* Debug */ = {
			isa = XCBuildConfiguration;
			buildSettings = {
				ALWAYS_EMBED_SWIFT_STANDARD_LIBRARIES = YES;
				CODE_SIGN_STYLE = Automatic;
				CURRENT_PROJECT_VERSION = 1;
				GENERATE_INFOPLIST_FILE = YES;
				MARKETING_VERSION = 1.0;
				PRODUCT_BUNDLE_IDENTIFIER = WonGi.ScreenTransitionUITests;
				PRODUCT_NAME = "$(TARGET_NAME)";
				SWIFT_EMIT_LOC_STRINGS = NO;
				SWIFT_VERSION = 5.0;
				TARGETED_DEVICE_FAMILY = "1,2";
				TEST_TARGET_NAME = ScreenTransition;
			};
			name = Debug;
		};
		B2C3E8F9289552A80019EDF5 /* Release */ = {
			isa = XCBuildConfiguration;
			buildSettings = {
				ALWAYS_EMBED_SWIFT_STANDARD_LIBRARIES = YES;
				CODE_SIGN_STYLE = Automatic;
				CURRENT_PROJECT_VERSION = 1;
				GENERATE_INFOPLIST_FILE = YES;
				MARKETING_VERSION = 1.0;
				PRODUCT_BUNDLE_IDENTIFIER = WonGi.ScreenTransitionUITests;
				PRODUCT_NAME = "$(TARGET_NAME)";
				SWIFT_EMIT_LOC_STRINGS = NO;
				SWIFT_VERSION = 5.0;
				TARGETED_DEVICE_FAMILY = "1,2";
				TEST_TARGET_NAME = ScreenTransition;
			};
			name = Release;
		};
/* End XCBuildConfiguration section */

/* Begin XCConfigurationList section */
		B2C3E8C2289552A60019EDF5 /* Build configuration list for PBXProject "ScreenTransition" */ = {
			isa = XCConfigurationList;
			buildConfigurations = (
				B2C3E8EF289552A80019EDF5 /* Debug */,
				B2C3E8F0289552A80019EDF5 /* Release */,
			);
			defaultConfigurationIsVisible = 0;
			defaultConfigurationName = Release;
		};
		B2C3E8F1289552A80019EDF5 /* Build configuration list for PBXNativeTarget "ScreenTransition" */ = {
			isa = XCConfigurationList;
			buildConfigurations = (
				B2C3E8F2289552A80019EDF5 /* Debug */,
				B2C3E8F3289552A80019EDF5 /* Release */,
			);
			defaultConfigurationIsVisible = 0;
			defaultConfigurationName = Release;
		};
		B2C3E8F4289552A80019EDF5 /* Build configuration list for PBXNativeTarget "ScreenTransitionTests" */ = {
			isa = XCConfigurationList;
			buildConfigurations = (
				B2C3E8F5289552A80019EDF5 /* Debug */,
				B2C3E8F6289552A80019EDF5 /* Release */,
			);
			defaultConfigurationIsVisible = 0;
			defaultConfigurationName = Release;
		};
		B2C3E8F7289552A80019EDF5 /* Build configuration list for PBXNativeTarget "ScreenTransitionUITests" */ = {
			isa = XCConfigurationList;
			buildConfigurations = (
				B2C3E8F8289552A80019EDF5 /* Debug */,
				B2C3E8F9289552A80019EDF5 /* Release */,
			);
			defaultConfigurationIsVisible = 0;
			defaultConfigurationName = Release;
		};
/* End XCConfigurationList section */
	};
	rootObject = B2C3E8BF289552A60019EDF5 /* Project object */;
}
